
Microsoft Visual Studio Solution File, Format Version 12.00
# Visual Studio 15
Project("{FAE04EC0-301F-11D3-BF4B-00C04F79EFBC}") = "Microsoft.MixedReality.WebRTC.Unity", "Microsoft.MixedReality.WebRTC.Unity.csproj", "{F4DF8936-F54A-DF28-606E-254FC7FB4268}"
EndProject
Project("{FAE04EC0-301F-11D3-BF4B-00C04F79EFBC}") = "Microsoft.MixedReality.WebRTC.Unity.Editor", "Microsoft.MixedReality.WebRTC.Unity.Editor.csproj", "{C7EECD8E-69E6-C4E4-6CBB-9C56092A0B22}"
EndProject
Project("{FAE04EC0-301F-11D3-BF4B-00C04F79EFBC}") = "Microsoft.MixedReality.WebRTC.Unity", "Microsoft.MixedReality.WebRTC.Unity.Player.csproj", "{066B14C9-948F-DC99-5DB5-9E5714D2AB5D}"
EndProject
Global
	GlobalSection(SolutionConfigurationPlatforms) = preSolution
		Debug|Any CPU = Debug|Any CPU
		Release|Any CPU = Release|Any CPU
	EndGlobalSection
	GlobalSection(ProjectConfigurationPlatforms) = postSolution
		{F4DF8936-F54A-DF28-606E-254FC7FB4268}.Debug|Any CPU.ActiveCfg = Debug|Any CPU
		{F4DF8936-F54A-DF28-606E-254FC7FB4268}.Debug|Any CPU.Build.0 = Debug|Any CPU
		{F4DF8936-F54A-DF28-606E-254FC7FB4268}.Release|Any CPU.ActiveCfg = Release|Any CPU
		{F4DF8936-F54A-DF28-606E-254FC7FB4268}.Release|Any CPU.Build.0 = Release|Any CPU
		{C7EECD8E-69E6-C4E4-6CBB-9C56092A0B22}.Debug|Any CPU.ActiveCfg = Debug|Any CPU
		{C7EECD8E-69E6-C4E4-6CBB-9C56092A0B22}.Debug|Any CPU.Build.0 = Debug|Any CPU
		{C7EECD8E-69E6-C4E4-6CBB-9C56092A0B22}.Release|Any CPU.ActiveCfg = Release|Any CPU
		{C7EECD8E-69E6-C4E4-6CBB-9C56092A0B22}.Release|Any CPU.Build.0 = Release|Any CPU
		{066B14C9-948F-DC99-5DB5-9E5714D2AB5D}.Debug|Any CPU.ActiveCfg = Debug|Any CPU
		{066B14C9-948F-DC99-5DB5-9E5714D2AB5D}.Debug|Any CPU.Build.0 = Debug|Any CPU
		{066B14C9-948F-DC99-5DB5-9E5714D2AB5D}.Release|Any CPU.ActiveCfg = Release|Any CPU
		{066B14C9-948F-DC99-5DB5-9E5714D2AB5D}.Release|Any CPU.Build.0 = Release|Any CPU
	EndGlobalSection
	GlobalSection(SolutionProperties) = preSolution
		HideSolutionNode = FALSE
	EndGlobalSection
EndGlobal
